
Microsoft Visual Studio Solution File, Format Version 12.00
# Visual Studio Version 16
VisualStudioVersion = 16.0.31911.196
MinimumVisualStudioVersion = 10.0.40219.1
Project("{9A19103F-16F7-4668-BE54-9A1E7A4F7556}") = "VO1BAB_HFT_202231.Client", "VO1BAB_HFT_202231.Client\VO1BAB_HFT_202231.Client.csproj", "{9C167883-B39B-486E-B33C-1B4FC426ED8E}"
EndProject
Project("{9A19103F-16F7-4668-BE54-9A1E7A4F7556}") = "VO1BAB_HFT_202231.Models", "VO1BAB_HFT_202231.Models\VO1BAB_HFT_202231.Models.csproj", "{5C9BEDDD-4D10-4D9A-8E94-6B829B4CAFD2}"
EndProject
Project("{9A19103F-16F7-4668-BE54-9A1E7A4F7556}") = "VO1BAB_HFT_202231.Repository", "VO1BAB_HFT_202231.Repository\VO1BAB_HFT_202231.Repository.csproj", "{A03D9AD2-4F73-4715-9DCC-809CB60ED6D9}"
EndProject
Project("{9A19103F-16F7-4668-BE54-9A1E7A4F7556}") = "VO1BAB_HFT_202231.Logic", "VO1BAB_HFT_202231.Logic\VO1BAB_HFT_202231.Logic.csproj", "{A75E48FD-07A4-45A1-B676-F813896357EA}"
EndProject
Project("{9A19103F-16F7-4668-BE54-9A1E7A4F7556}") = "VO1BAB_HFT_20231.Endpoint", "WebapiTest\VO1BAB_HFT_20231.Endpoint.csproj", "{85477D39-CA05-4ADF-9ED0-B70073D73D63}"
EndProject
Project("{9A19103F-16F7-4668-BE54-9A1E7A4F7556}") = "VO1BAB_HFT_202231.Test", "VO1BAB_HFT_202231.Test\VO1BAB_HFT_202231.Test.csproj", "{121307F2-D7B6-4592-9F05-233A066608EE}"
EndProject
Project("{2150E333-8FDC-42A3-9474-1A3956D46DE8}") = "Backend", "Backend", "{6F4A564C-62AA-441A-8981-73930B9EBCB1}"
EndProject
Project("{2150E333-8FDC-42A3-9474-1A3956D46DE8}") = "Frontend", "Frontend", "{C6D03AD2-BA48-492E-B9DA-547E217EA157}"
EndProject
Project("{2150E333-8FDC-42A3-9474-1A3956D46DE8}") = "Shared", "Shared", "{B39CBFCB-0F40-4498-A05A-40D9494AC2ED}"
EndProject
Global
	GlobalSection(SolutionConfigurationPlatforms) = preSolution
		Debug|Any CPU = Debug|Any CPU
		Release|Any CPU = Release|Any CPU
	EndGlobalSection
	GlobalSection(ProjectConfigurationPlatforms) = postSolution
		{9C167883-B39B-486E-B33C-1B4FC426ED8E}.Debug|Any CPU.ActiveCfg = Debug|Any CPU
		{9C167883-B39B-486E-B33C-1B4FC426ED8E}.Debug|Any CPU.Build.0 = Debug|Any CPU
		{9C167883-B39B-486E-B33C-1B4FC426ED8E}.Release|Any CPU.ActiveCfg = Release|Any CPU
		{9C167883-B39B-486E-B33C-1B4FC426ED8E}.Release|Any CPU.Build.0 = Release|Any CPU
		{5C9BEDDD-4D10-4D9A-8E94-6B829B4CAFD2}.Debug|Any CPU.ActiveCfg = Debug|Any CPU
		{5C9BEDDD-4D10-4D9A-8E94-6B829B4CAFD2}.Debug|Any CPU.Build.0 = Debug|Any CPU
		{5C9BEDDD-4D10-4D9A-8E94-6B829B4CAFD2}.Release|Any CPU.ActiveCfg = Release|Any CPU
		{5C9BEDDD-4D10-4D9A-8E94-6B829B4CAFD2}.Release|Any CPU.Build.0 = Release|Any CPU
		{A03D9AD2-4F73-4715-9DCC-809CB60ED6D9}.Debug|Any CPU.ActiveCfg = Debug|Any CPU
		{A03D9AD2-4F73-4715-9DCC-809CB60ED6D9}.Debug|Any CPU.Build.0 = Debug|Any CPU
		{A03D9AD2-4F73-4715-9DCC-809CB60ED6D9}.Release|Any CPU.ActiveCfg = Release|Any CPU
		{A03D9AD2-4F73-4715-9DCC-809CB60ED6D9}.Release|Any CPU.Build.0 = Release|Any CPU
		{A75E48FD-07A4-45A1-B676-F813896357EA}.Debug|Any CPU.ActiveCfg = Debug|Any CPU
		{A75E48FD-07A4-45A1-B676-F813896357EA}.Debug|Any CPU.Build.0 = Debug|Any CPU
		{A75E48FD-07A4-45A1-B676-F813896357EA}.Release|Any CPU.ActiveCfg = Release|Any CPU
		{A75E48FD-07A4-45A1-B676-F813896357EA}.Release|Any CPU.Build.0 = Release|Any CPU
		{85477D39-CA05-4ADF-9ED0-B70073D73D63}.Debug|Any CPU.ActiveCfg = Debug|Any CPU
		{85477D39-CA05-4ADF-9ED0-B70073D73D63}.Debug|Any CPU.Build.0 = Debug|Any CPU
		{85477D39-CA05-4ADF-9ED0-B70073D73D63}.Release|Any CPU.ActiveCfg = Release|Any CPU
		{85477D39-CA05-4ADF-9ED0-B70073D73D63}.Release|Any CPU.Build.0 = Release|Any CPU
		{121307F2-D7B6-4592-9F05-233A066608EE}.Debug|Any CPU.ActiveCfg = Debug|Any CPU
		{121307F2-D7B6-4592-9F05-233A066608EE}.Debug|Any CPU.Build.0 = Debug|Any CPU
		{121307F2-D7B6-4592-9F05-233A066608EE}.Release|Any CPU.ActiveCfg = Release|Any CPU
		{121307F2-D7B6-4592-9F05-233A066608EE}.Release|Any CPU.Build.0 = Release|Any CPU
	EndGlobalSection
	GlobalSection(SolutionProperties) = preSolution
		HideSolutionNode = FALSE
	EndGlobalSection
	GlobalSection(NestedProjects) = preSolution
		{9C167883-B39B-486E-B33C-1B4FC426ED8E} = {C6D03AD2-BA48-492E-B9DA-547E217EA157}
		{5C9BEDDD-4D10-4D9A-8E94-6B829B4CAFD2} = {B39CBFCB-0F40-4498-A05A-40D9494AC2ED}
		{A03D9AD2-4F73-4715-9DCC-809CB60ED6D9} = {6F4A564C-62AA-441A-8981-73930B9EBCB1}
		{A75E48FD-07A4-45A1-B676-F813896357EA} = {6F4A564C-62AA-441A-8981-73930B9EBCB1}
		{85477D39-CA05-4ADF-9ED0-B70073D73D63} = {6F4A564C-62AA-441A-8981-73930B9EBCB1}
		{121307F2-D7B6-4592-9F05-233A066608EE} = {6F4A564C-62AA-441A-8981-73930B9EBCB1}
	EndGlobalSection
	GlobalSection(ExtensibilityGlobals) = postSolution
		SolutionGuid = {24D16B27-BC0C-47CF-B17E-1E9592229FA6}
	EndGlobalSection
EndGlobal
